
Microsoft Visual Studio Solution File, Format Version 12.00
# Visual Studio Version 17
VisualStudioVersion = 17.0.31912.275
MinimumVisualStudioVersion = 10.0.40219.1
Project("{13B669BE-BB05-4DDF-9536-439F39A36129}") = "Blog_1", "Blog_1.phpproj", "{79083C50-E702-48D0-A4BF-3037F3CDB73A}"
EndProject
Global
	GlobalSection(SolutionConfigurationPlatforms) = preSolution
		Debug|Any CPU = Debug|Any CPU
		Release|Any CPU = Release|Any CPU
	EndGlobalSection
	GlobalSection(ProjectConfigurationPlatforms) = postSolution
		{79083C50-E702-48D0-A4BF-3037F3CDB73A}.Debug|Any CPU.ActiveCfg = Debug|Any CPU
		{79083C50-E702-48D0-A4BF-3037F3CDB73A}.Debug|Any CPU.Build.0 = Debug|Any CPU
		{79083C50-E702-48D0-A4BF-3037F3CDB73A}.Release|Any CPU.ActiveCfg = Release|Any CPU
		{79083C50-E702-48D0-A4BF-3037F3CDB73A}.Release|Any CPU.Build.0 = Release|Any CPU
	EndGlobalSection
	GlobalSection(SolutionProperties) = preSolution
		HideSolutionNode = FALSE
	EndGlobalSection
	GlobalSection(ExtensibilityGlobals) = postSolution
		SolutionGuid = {B014624B-4B59-49AC-8172-67BF4F0E7214}
	EndGlobalSection
EndGlobal
